// !$*UTF8*$!
{
	archiveVersion = 1;
	classes = {
	};
	objectVersion = 55;
	objects = {

/* Begin PBXBuildFile section */
		EF2E8E5F28291157000A3A9A /* AppDelegate.swift in Sources */ = {isa = PBXBuildFile; fileRef = EF2E8E5E28291157000A3A9A /* AppDelegate.swift */; };
		EF2E8E6128291157000A3A9A /* SceneDelegate.swift in Sources */ = {isa = PBXBuildFile; fileRef = EF2E8E6028291157000A3A9A /* SceneDelegate.swift */; };
		EF2E8E6328291157000A3A9A /* MainTabBarViewController.swift in Sources */ = {isa = PBXBuildFile; fileRef = EF2E8E6228291157000A3A9A /* MainTabBarViewController.swift */; };
		EF2E8E6828291158000A3A9A /* Assets.xcassets in Resources */ = {isa = PBXBuildFile; fileRef = EF2E8E6728291158000A3A9A /* Assets.xcassets */; };
		EF2E8E6B28291158000A3A9A /* LaunchScreen.storyboard in Resources */ = {isa = PBXBuildFile; fileRef = EF2E8E6928291158000A3A9A /* LaunchScreen.storyboard */; };
		EF2E8E7628291158000A3A9A /* NetflixTests.swift in Sources */ = {isa = PBXBuildFile; fileRef = EF2E8E7528291158000A3A9A /* NetflixTests.swift */; };
		EF2E8E8028291158000A3A9A /* NetflixUITests.swift in Sources */ = {isa = PBXBuildFile; fileRef = EF2E8E7F28291158000A3A9A /* NetflixUITests.swift */; };
		EF2E8E8228291158000A3A9A /* NetflixUITestsLaunchTests.swift in Sources */ = {isa = PBXBuildFile; fileRef = EF2E8E8128291158000A3A9A /* NetflixUITestsLaunchTests.swift */; };
		EF2E8E9028291293000A3A9A /* HomeViewController.swift in Sources */ = {isa = PBXBuildFile; fileRef = EF2E8E8F28291293000A3A9A /* HomeViewController.swift */; };
		EF2E8E92282912B2000A3A9A /* SearchViewController.swift in Sources */ = {isa = PBXBuildFile; fileRef = EF2E8E91282912B2000A3A9A /* SearchViewController.swift */; };
		EF2E8E9428291401000A3A9A /* UpcomingViewController.swift in Sources */ = {isa = PBXBuildFile; fileRef = EF2E8E9328291401000A3A9A /* UpcomingViewController.swift */; };
		EF2E8E9628291417000A3A9A /* DownloadsViewController.swift in Sources */ = {isa = PBXBuildFile; fileRef = EF2E8E9528291417000A3A9A /* DownloadsViewController.swift */; };
		EF2E8E9928291441000A3A9A /* TabItemModel.swift in Sources */ = {isa = PBXBuildFile; fileRef = EF2E8E9828291441000A3A9A /* TabItemModel.swift */; };
		EF6ACE7328291CDA00787DD7 /* CollectionTableViewCell.swift in Sources */ = {isa = PBXBuildFile; fileRef = EF6ACE7228291CDA00787DD7 /* CollectionTableViewCell.swift */; };
		EF76C68D2835243B00FC3151 /* MovieCellSnapshot.swift in Sources */ = {isa = PBXBuildFile; fileRef = EF76C68C2835243B00FC3151 /* MovieCellSnapshot.swift */; };
		EF76C68F28358BAF00FC3151 /* SearchResultViewController.swift in Sources */ = {isa = PBXBuildFile; fileRef = EF76C68E28358BAF00FC3151 /* SearchResultViewController.swift */; };
		EF76C6912835955700FC3151 /* KeywordModel.swift in Sources */ = {isa = PBXBuildFile; fileRef = EF76C6902835955700FC3151 /* KeywordModel.swift */; };
		EF76C6932835964100FC3151 /* ErrorModel.swift in Sources */ = {isa = PBXBuildFile; fileRef = EF76C6922835964100FC3151 /* ErrorModel.swift */; };
		EF76C69528362AA400FC3151 /* SearchKeywordResultCollectionCell.swift in Sources */ = {isa = PBXBuildFile; fileRef = EF76C69428362AA400FC3151 /* SearchKeywordResultCollectionCell.swift */; };
		EF76C69728363ED400FC3151 /* SearchResultMovieView.swift in Sources */ = {isa = PBXBuildFile; fileRef = EF76C69628363ED400FC3151 /* SearchResultMovieView.swift */; };
		EF76C6992836CBE700FC3151 /* MovieDetailViewController.swift in Sources */ = {isa = PBXBuildFile; fileRef = EF76C6982836CBE700FC3151 /* MovieDetailViewController.swift */; };
		EF76C69B283787F700FC3151 /* HeaderBodyView.swift in Sources */ = {isa = PBXBuildFile; fileRef = EF76C69A283787F700FC3151 /* HeaderBodyView.swift */; };
		EF76C69D2837AAAF00FC3151 /* ProducerInfoView.swift in Sources */ = {isa = PBXBuildFile; fileRef = EF76C69C2837AAAF00FC3151 /* ProducerInfoView.swift */; };
		EFA06AF92832506A00C5FF9D /* HeroHeaderVIew.swift in Sources */ = {isa = PBXBuildFile; fileRef = EFA06AF82832506A00C5FF9D /* HeroHeaderVIew.swift */; };
		EFA06AFB2832BAD200C5FF9D /* MovieCardCellView.swift in Sources */ = {isa = PBXBuildFile; fileRef = EFA06AFA2832BAD200C5FF9D /* MovieCardCellView.swift */; };
		EFA06AFD28337DD100C5FF9D /* TMDB.swift in Sources */ = {isa = PBXBuildFile; fileRef = EFA06AFC28337DD100C5FF9D /* TMDB.swift */; };
		EFA06AFF2833846900C5FF9D /* Network.swift in Sources */ = {isa = PBXBuildFile; fileRef = EFA06AFE2833846900C5FF9D /* Network.swift */; };
		EFA06B04283399BB00C5FF9D /* ImageDownloader.swift in Sources */ = {isa = PBXBuildFile; fileRef = EFA06B03283399BB00C5FF9D /* ImageDownloader.swift */; };
		EFA06B0628339FF200C5FF9D /* MovieModel.swift in Sources */ = {isa = PBXBuildFile; fileRef = EFA06B0528339FF200C5FF9D /* MovieModel.swift */; };
		EFA06B0828342BA300C5FF9D /* MoviePreviewCard.swift in Sources */ = {isa = PBXBuildFile; fileRef = EFA06B0728342BA300C5FF9D /* MoviePreviewCard.swift */; };
/* End PBXBuildFile section */

/* Begin PBXContainerItemProxy section */
		EF2E8E7228291158000A3A9A /* PBXContainerItemProxy */ = {
			isa = PBXContainerItemProxy;
			containerPortal = EF2E8E5328291157000A3A9A /* Project object */;
			proxyType = 1;
			remoteGlobalIDString = EF2E8E5A28291157000A3A9A;
			remoteInfo = Netflix;
		};
		EF2E8E7C28291158000A3A9A /* PBXContainerItemProxy */ = {
			isa = PBXContainerItemProxy;
			containerPortal = EF2E8E5328291157000A3A9A /* Project object */;
			proxyType = 1;
			remoteGlobalIDString = EF2E8E5A28291157000A3A9A;
			remoteInfo = Netflix;
		};
/* End PBXContainerItemProxy section */

/* Begin PBXFileReference section */
		EF2E8E5B28291157000A3A9A /* Netflix.app */ = {isa = PBXFileReference; explicitFileType = wrapper.application; includeInIndex = 0; path = Netflix.app; sourceTree = BUILT_PRODUCTS_DIR; };
		EF2E8E5E28291157000A3A9A /* AppDelegate.swift */ = {isa = PBXFileReference; lastKnownFileType = sourcecode.swift; path = AppDelegate.swift; sourceTree = "<group>"; };
		EF2E8E6028291157000A3A9A /* SceneDelegate.swift */ = {isa = PBXFileReference; lastKnownFileType = sourcecode.swift; path = SceneDelegate.swift; sourceTree = "<group>"; };
		EF2E8E6228291157000A3A9A /* MainTabBarViewController.swift */ = {isa = PBXFileReference; lastKnownFileType = sourcecode.swift; path = MainTabBarViewController.swift; sourceTree = "<group>"; };
		EF2E8E6728291158000A3A9A /* Assets.xcassets */ = {isa = PBXFileReference; lastKnownFileType = folder.assetcatalog; path = Assets.xcassets; sourceTree = "<group>"; };
		EF2E8E6A28291158000A3A9A /* Base */ = {isa = PBXFileReference; lastKnownFileType = file.storyboard; name = Base; path = Base.lproj/LaunchScreen.storyboard; sourceTree = "<group>"; };
		EF2E8E6C28291158000A3A9A /* Info.plist */ = {isa = PBXFileReference; lastKnownFileType = text.plist.xml; path = Info.plist; sourceTree = "<group>"; };
		EF2E8E7128291158000A3A9A /* NetflixTests.xctest */ = {isa = PBXFileReference; explicitFileType = wrapper.cfbundle; includeInIndex = 0; path = NetflixTests.xctest; sourceTree = BUILT_PRODUCTS_DIR; };
		EF2E8E7528291158000A3A9A /* NetflixTests.swift */ = {isa = PBXFileReference; lastKnownFileType = sourcecode.swift; path = NetflixTests.swift; sourceTree = "<group>"; };
		EF2E8E7B28291158000A3A9A /* NetflixUITests.xctest */ = {isa = PBXFileReference; explicitFileType = wrapper.cfbundle; includeInIndex = 0; path = NetflixUITests.xctest; sourceTree = BUILT_PRODUCTS_DIR; };
		EF2E8E7F28291158000A3A9A /* NetflixUITests.swift */ = {isa = PBXFileReference; lastKnownFileType = sourcecode.swift; path = NetflixUITests.swift; sourceTree = "<group>"; };
		EF2E8E8128291158000A3A9A /* NetflixUITestsLaunchTests.swift */ = {isa = PBXFileReference; lastKnownFileType = sourcecode.swift; path = NetflixUITestsLaunchTests.swift; sourceTree = "<group>"; };
		EF2E8E8F28291293000A3A9A /* HomeViewController.swift */ = {isa = PBXFileReference; lastKnownFileType = sourcecode.swift; path = HomeViewController.swift; sourceTree = "<group>"; };
		EF2E8E91282912B2000A3A9A /* SearchViewController.swift */ = {isa = PBXFileReference; lastKnownFileType = sourcecode.swift; path = SearchViewController.swift; sourceTree = "<group>"; };
		EF2E8E9328291401000A3A9A /* UpcomingViewController.swift */ = {isa = PBXFileReference; lastKnownFileType = sourcecode.swift; path = UpcomingViewController.swift; sourceTree = "<group>"; };
		EF2E8E9528291417000A3A9A /* DownloadsViewController.swift */ = {isa = PBXFileReference; lastKnownFileType = sourcecode.swift; path = DownloadsViewController.swift; sourceTree = "<group>"; };
		EF2E8E9828291441000A3A9A /* TabItemModel.swift */ = {isa = PBXFileReference; lastKnownFileType = sourcecode.swift; path = TabItemModel.swift; sourceTree = "<group>"; };
		EF6ACE7228291CDA00787DD7 /* CollectionTableViewCell.swift */ = {isa = PBXFileReference; lastKnownFileType = sourcecode.swift; path = CollectionTableViewCell.swift; sourceTree = "<group>"; };
		EF76C68C2835243B00FC3151 /* MovieCellSnapshot.swift */ = {isa = PBXFileReference; lastKnownFileType = sourcecode.swift; path = MovieCellSnapshot.swift; sourceTree = "<group>"; };
		EF76C68E28358BAF00FC3151 /* SearchResultViewController.swift */ = {isa = PBXFileReference; lastKnownFileType = sourcecode.swift; path = SearchResultViewController.swift; sourceTree = "<group>"; };
		EF76C6902835955700FC3151 /* KeywordModel.swift */ = {isa = PBXFileReference; lastKnownFileType = sourcecode.swift; path = KeywordModel.swift; sourceTree = "<group>"; };
		EF76C6922835964100FC3151 /* ErrorModel.swift */ = {isa = PBXFileReference; lastKnownFileType = sourcecode.swift; path = ErrorModel.swift; sourceTree = "<group>"; };
		EF76C69428362AA400FC3151 /* SearchKeywordResultCollectionCell.swift */ = {isa = PBXFileReference; lastKnownFileType = sourcecode.swift; path = SearchKeywordResultCollectionCell.swift; sourceTree = "<group>"; };
		EF76C69628363ED400FC3151 /* SearchResultMovieView.swift */ = {isa = PBXFileReference; lastKnownFileType = sourcecode.swift; path = SearchResultMovieView.swift; sourceTree = "<group>"; };
		EF76C6982836CBE700FC3151 /* MovieDetailViewController.swift */ = {isa = PBXFileReference; lastKnownFileType = sourcecode.swift; path = MovieDetailViewController.swift; sourceTree = "<group>"; };
		EF76C69A283787F700FC3151 /* HeaderBodyView.swift */ = {isa = PBXFileReference; lastKnownFileType = sourcecode.swift; path = HeaderBodyView.swift; sourceTree = "<group>"; };
		EF76C69C2837AAAF00FC3151 /* ProducerInfoView.swift */ = {isa = PBXFileReference; lastKnownFileType = sourcecode.swift; path = ProducerInfoView.swift; sourceTree = "<group>"; };
		EFA06AF82832506A00C5FF9D /* HeroHeaderVIew.swift */ = {isa = PBXFileReference; lastKnownFileType = sourcecode.swift; path = HeroHeaderVIew.swift; sourceTree = "<group>"; };
		EFA06AFA2832BAD200C5FF9D /* MovieCardCellView.swift */ = {isa = PBXFileReference; lastKnownFileType = sourcecode.swift; path = MovieCardCellView.swift; sourceTree = "<group>"; };
		EFA06AFC28337DD100C5FF9D /* TMDB.swift */ = {isa = PBXFileReference; lastKnownFileType = sourcecode.swift; path = TMDB.swift; sourceTree = "<group>"; };
		EFA06AFE2833846900C5FF9D /* Network.swift */ = {isa = PBXFileReference; lastKnownFileType = sourcecode.swift; path = Network.swift; sourceTree = "<group>"; };
		EFA06B03283399BB00C5FF9D /* ImageDownloader.swift */ = {isa = PBXFileReference; lastKnownFileType = sourcecode.swift; path = ImageDownloader.swift; sourceTree = "<group>"; };
		EFA06B0528339FF200C5FF9D /* MovieModel.swift */ = {isa = PBXFileReference; lastKnownFileType = sourcecode.swift; path = MovieModel.swift; sourceTree = "<group>"; };
		EFA06B0728342BA300C5FF9D /* MoviePreviewCard.swift */ = {isa = PBXFileReference; lastKnownFileType = sourcecode.swift; path = MoviePreviewCard.swift; sourceTree = "<group>"; };
/* End PBXFileReference section */

/* Begin PBXFrameworksBuildPhase section */
		EF2E8E5828291157000A3A9A /* Frameworks */ = {
			isa = PBXFrameworksBuildPhase;
			buildActionMask = 2147483647;
			files = (
			);
			runOnlyForDeploymentPostprocessing = 0;
		};
		EF2E8E6E28291158000A3A9A /* Frameworks */ = {
			isa = PBXFrameworksBuildPhase;
			buildActionMask = 2147483647;
			files = (
			);
			runOnlyForDeploymentPostprocessing = 0;
		};
		EF2E8E7828291158000A3A9A /* Frameworks */ = {
			isa = PBXFrameworksBuildPhase;
			buildActionMask = 2147483647;
			files = (
			);
			runOnlyForDeploymentPostprocessing = 0;
		};
/* End PBXFrameworksBuildPhase section */

/* Begin PBXGroup section */
		EF2E8E5228291157000A3A9A = {
			isa = PBXGroup;
			children = (
				EF2E8E5D28291157000A3A9A /* Netflix */,
				EF2E8E7428291158000A3A9A /* NetflixTests */,
				EF2E8E7E28291158000A3A9A /* NetflixUITests */,
				EF2E8E5C28291157000A3A9A /* Products */,
			);
			sourceTree = "<group>";
		};
		EF2E8E5C28291157000A3A9A /* Products */ = {
			isa = PBXGroup;
			children = (
				EF2E8E5B28291157000A3A9A /* Netflix.app */,
				EF2E8E7128291158000A3A9A /* NetflixTests.xctest */,
				EF2E8E7B28291158000A3A9A /* NetflixUITests.xctest */,
			);
			name = Products;
			sourceTree = "<group>";
		};
		EF2E8E5D28291157000A3A9A /* Netflix */ = {
			isa = PBXGroup;
			children = (
				EFA06B02283399A900C5FF9D /* Network */,
				EF6ACE7128291C8A00787DD7 /* ViewModels */,
				EF6ACE7028291C7300787DD7 /* Views */,
				EF2E8E972829142E000A3A9A /* Models */,
				EF2E8E8E2829127B000A3A9A /* Controllers */,
				EF2E8E5E28291157000A3A9A /* AppDelegate.swift */,
				EF2E8E6028291157000A3A9A /* SceneDelegate.swift */,
				EF2E8E6228291157000A3A9A /* MainTabBarViewController.swift */,
				EF2E8E6728291158000A3A9A /* Assets.xcassets */,
				EF2E8E6928291158000A3A9A /* LaunchScreen.storyboard */,
				EF2E8E6C28291158000A3A9A /* Info.plist */,
			);
			path = Netflix;
			sourceTree = "<group>";
		};
		EF2E8E7428291158000A3A9A /* NetflixTests */ = {
			isa = PBXGroup;
			children = (
				EF2E8E7528291158000A3A9A /* NetflixTests.swift */,
			);
			path = NetflixTests;
			sourceTree = "<group>";
		};
		EF2E8E7E28291158000A3A9A /* NetflixUITests */ = {
			isa = PBXGroup;
			children = (
				EF2E8E7F28291158000A3A9A /* NetflixUITests.swift */,
				EF2E8E8128291158000A3A9A /* NetflixUITestsLaunchTests.swift */,
			);
			path = NetflixUITests;
			sourceTree = "<group>";
		};
		EF2E8E8E2829127B000A3A9A /* Controllers */ = {
			isa = PBXGroup;
			children = (
				EF2E8E8F28291293000A3A9A /* HomeViewController.swift */,
				EF2E8E91282912B2000A3A9A /* SearchViewController.swift */,
				EF2E8E9328291401000A3A9A /* UpcomingViewController.swift */,
				EF2E8E9528291417000A3A9A /* DownloadsViewController.swift */,
				EF76C68E28358BAF00FC3151 /* SearchResultViewController.swift */,
				EF76C69628363ED400FC3151 /* SearchResultMovieView.swift */,
				EF76C6982836CBE700FC3151 /* MovieDetailViewController.swift */,
			);
			path = Controllers;
			sourceTree = "<group>";
		};
		EF2E8E972829142E000A3A9A /* Models */ = {
			isa = PBXGroup;
			children = (
				EF2E8E9828291441000A3A9A /* TabItemModel.swift */,
				EFA06B0528339FF200C5FF9D /* MovieModel.swift */,
				EF76C6902835955700FC3151 /* KeywordModel.swift */,
				EF76C6922835964100FC3151 /* ErrorModel.swift */,
			);
			path = Models;
			sourceTree = "<group>";
		};
		EF6ACE7028291C7300787DD7 /* Views */ = {
			isa = PBXGroup;
			children = (
				EF6ACE7228291CDA00787DD7 /* CollectionTableViewCell.swift */,
				EFA06AF82832506A00C5FF9D /* HeroHeaderVIew.swift */,
				EFA06AFA2832BAD200C5FF9D /* MovieCardCellView.swift */,
				EFA06B0728342BA300C5FF9D /* MoviePreviewCard.swift */,
				EF76C68C2835243B00FC3151 /* MovieCellSnapshot.swift */,
				EF76C69428362AA400FC3151 /* SearchKeywordResultCollectionCell.swift */,
				EF76C69A283787F700FC3151 /* HeaderBodyView.swift */,
				EF76C69C2837AAAF00FC3151 /* ProducerInfoView.swift */,
			);
			path = Views;
			sourceTree = "<group>";
		};
		EF6ACE7128291C8A00787DD7 /* ViewModels */ = {
			isa = PBXGroup;
			children = (
				EFA06AFC28337DD100C5FF9D /* TMDB.swift */,
			);
			path = ViewModels;
			sourceTree = "<group>";
		};
		EFA06B02283399A900C5FF9D /* Network */ = {
			isa = PBXGroup;
			children = (
				EFA06AFE2833846900C5FF9D /* Network.swift */,
				EFA06B03283399BB00C5FF9D /* ImageDownloader.swift */,
			);
			path = Network;
			sourceTree = "<group>";
		};
/* End PBXGroup section */

/* Begin PBXNativeTarget section */
		EF2E8E5A28291157000A3A9A /* Netflix */ = {
			isa = PBXNativeTarget;
			buildConfigurationList = EF2E8E8528291158000A3A9A /* Build configuration list for PBXNativeTarget "Netflix" */;
			buildPhases = (
				EF2E8E5728291157000A3A9A /* Sources */,
				EF2E8E5828291157000A3A9A /* Frameworks */,
				EF2E8E5928291157000A3A9A /* Resources */,
			);
			buildRules = (
			);
			dependencies = (
			);
			name = Netflix;
			productName = Netflix;
			productReference = EF2E8E5B28291157000A3A9A /* Netflix.app */;
			productType = "com.apple.product-type.application";
		};
		EF2E8E7028291158000A3A9A /* NetflixTests */ = {
			isa = PBXNativeTarget;
			buildConfigurationList = EF2E8E8828291158000A3A9A /* Build configuration list for PBXNativeTarget "NetflixTests" */;
			buildPhases = (
				EF2E8E6D28291158000A3A9A /* Sources */,
				EF2E8E6E28291158000A3A9A /* Frameworks */,
				EF2E8E6F28291158000A3A9A /* Resources */,
			);
			buildRules = (
			);
			dependencies = (
				EF2E8E7328291158000A3A9A /* PBXTargetDependency */,
			);
			name = NetflixTests;
			productName = NetflixTests;
			productReference = EF2E8E7128291158000A3A9A /* NetflixTests.xctest */;
			productType = "com.apple.product-type.bundle.unit-test";
		};
		EF2E8E7A28291158000A3A9A /* NetflixUITests */ = {
			isa = PBXNativeTarget;
			buildConfigurationList = EF2E8E8B28291158000A3A9A /* Build configuration list for PBXNativeTarget "NetflixUITests" */;
			buildPhases = (
				EF2E8E7728291158000A3A9A /* Sources */,
				EF2E8E7828291158000A3A9A /* Frameworks */,
				EF2E8E7928291158000A3A9A /* Resources */,
			);
			buildRules = (
			);
			dependencies = (
				EF2E8E7D28291158000A3A9A /* PBXTargetDependency */,
			);
			name = NetflixUITests;
			productName = NetflixUITests;
			productReference = EF2E8E7B28291158000A3A9A /* NetflixUITests.xctest */;
			productType = "com.apple.product-type.bundle.ui-testing";
		};
/* End PBXNativeTarget section */

/* Begin PBXProject section */
		EF2E8E5328291157000A3A9A /* Project object */ = {
			isa = PBXProject;
			attributes = {
				BuildIndependentTargetsInParallel = 1;
				LastSwiftUpdateCheck = 1330;
				LastUpgradeCheck = 1330;
				TargetAttributes = {
					EF2E8E5A28291157000A3A9A = {
						CreatedOnToolsVersion = 13.3.1;
					};
					EF2E8E7028291158000A3A9A = {
						CreatedOnToolsVersion = 13.3.1;
						TestTargetID = EF2E8E5A28291157000A3A9A;
					};
					EF2E8E7A28291158000A3A9A = {
						CreatedOnToolsVersion = 13.3.1;
						TestTargetID = EF2E8E5A28291157000A3A9A;
					};
				};
			};
			buildConfigurationList = EF2E8E5628291157000A3A9A /* Build configuration list for PBXProject "Netflix" */;
			compatibilityVersion = "Xcode 13.0";
			developmentRegion = en;
			hasScannedForEncodings = 0;
			knownRegions = (
				en,
				Base,
			);
			mainGroup = EF2E8E5228291157000A3A9A;
			productRefGroup = EF2E8E5C28291157000A3A9A /* Products */;
			projectDirPath = "";
			projectRoot = "";
			targets = (
				EF2E8E5A28291157000A3A9A /* Netflix */,
				EF2E8E7028291158000A3A9A /* NetflixTests */,
				EF2E8E7A28291158000A3A9A /* NetflixUITests */,
			);
		};
/* End PBXProject section */

/* Begin PBXResourcesBuildPhase section */
		EF2E8E5928291157000A3A9A /* Resources */ = {
			isa = PBXResourcesBuildPhase;
			buildActionMask = 2147483647;
			files = (
				EF2E8E6B28291158000A3A9A /* LaunchScreen.storyboard in Resources */,
				EF2E8E6828291158000A3A9A /* Assets.xcassets in Resources */,
			);
			runOnlyForDeploymentPostprocessing = 0;
		};
		EF2E8E6F28291158000A3A9A /* Resources */ = {
			isa = PBXResourcesBuildPhase;
			buildActionMask = 2147483647;
			files = (
			);
			runOnlyForDeploymentPostprocessing = 0;
		};
		EF2E8E7928291158000A3A9A /* Resources */ = {
			isa = PBXResourcesBuildPhase;
			buildActionMask = 2147483647;
			files = (
			);
			runOnlyForDeploymentPostprocessing = 0;
		};
/* End PBXResourcesBuildPhase section */

/* Begin PBXSourcesBuildPhase section */
		EF2E8E5728291157000A3A9A /* Sources */ = {
			isa = PBXSourcesBuildPhase;
			buildActionMask = 2147483647;
			files = (
				EFA06AFF2833846900C5FF9D /* Network.swift in Sources */,
				EFA06B04283399BB00C5FF9D /* ImageDownloader.swift in Sources */,
				EF2E8E9428291401000A3A9A /* UpcomingViewController.swift in Sources */,
				EF2E8E92282912B2000A3A9A /* SearchViewController.swift in Sources */,
				EF76C6992836CBE700FC3151 /* MovieDetailViewController.swift in Sources */,
				EF2E8E9628291417000A3A9A /* DownloadsViewController.swift in Sources */,
				EF2E8E6328291157000A3A9A /* MainTabBarViewController.swift in Sources */,
				EFA06AFD28337DD100C5FF9D /* TMDB.swift in Sources */,
				EFA06AFB2832BAD200C5FF9D /* MovieCardCellView.swift in Sources */,
				EF2E8E9928291441000A3A9A /* TabItemModel.swift in Sources */,
				EF2E8E5F28291157000A3A9A /* AppDelegate.swift in Sources */,
				EF76C6932835964100FC3151 /* ErrorModel.swift in Sources */,
				EF76C68F28358BAF00FC3151 /* SearchResultViewController.swift in Sources */,
				EF76C6912835955700FC3151 /* KeywordModel.swift in Sources */,
				EF2E8E6128291157000A3A9A /* SceneDelegate.swift in Sources */,
				EFA06B0628339FF200C5FF9D /* MovieModel.swift in Sources */,
				EF6ACE7328291CDA00787DD7 /* CollectionTableViewCell.swift in Sources */,
				EF76C69B283787F700FC3151 /* HeaderBodyView.swift in Sources */,
				EFA06B0828342BA300C5FF9D /* MoviePreviewCard.swift in Sources */,
				EF76C69D2837AAAF00FC3151 /* ProducerInfoView.swift in Sources */,
				EF76C69728363ED400FC3151 /* SearchResultMovieView.swift in Sources */,
				EF76C68D2835243B00FC3151 /* MovieCellSnapshot.swift in Sources */,
				EF76C69528362AA400FC3151 /* SearchKeywordResultCollectionCell.swift in Sources */,
				EF2E8E9028291293000A3A9A /* HomeViewController.swift in Sources */,
				EFA06AF92832506A00C5FF9D /* HeroHeaderVIew.swift in Sources */,
			);
			runOnlyForDeploymentPostprocessing = 0;
		};
		EF2E8E6D28291158000A3A9A /* Sources */ = {
			isa = PBXSourcesBuildPhase;
			buildActionMask = 2147483647;
			files = (
				EF2E8E7628291158000A3A9A /* NetflixTests.swift in Sources */,
			);
			runOnlyForDeploymentPostprocessing = 0;
		};
		EF2E8E7728291158000A3A9A /* Sources */ = {
			isa = PBXSourcesBuildPhase;
			buildActionMask = 2147483647;
			files = (
				EF2E8E8028291158000A3A9A /* NetflixUITests.swift in Sources */,
				EF2E8E8228291158000A3A9A /* NetflixUITestsLaunchTests.swift in Sources */,
			);
			runOnlyForDeploymentPostprocessing = 0;
		};
/* End PBXSourcesBuildPhase section */

/* Begin PBXTargetDependency section */
		EF2E8E7328291158000A3A9A /* PBXTargetDependency */ = {
			isa = PBXTargetDependency;
			target = EF2E8E5A28291157000A3A9A /* Netflix */;
			targetProxy = EF2E8E7228291158000A3A9A /* PBXContainerItemProxy */;
		};
		EF2E8E7D28291158000A3A9A /* PBXTargetDependency */ = {
			isa = PBXTargetDependency;
			target = EF2E8E5A28291157000A3A9A /* Netflix */;
			targetProxy = EF2E8E7C28291158000A3A9A /* PBXContainerItemProxy */;
		};
/* End PBXTargetDependency section */

/* Begin PBXVariantGroup section */
		EF2E8E6928291158000A3A9A /* LaunchScreen.storyboard */ = {
			isa = PBXVariantGroup;
			children = (
				EF2E8E6A28291158000A3A9A /* Base */,
			);
			name = LaunchScreen.storyboard;
			sourceTree = "<group>";
		};
/* End PBXVariantGroup section */

/* Begin XCBuildConfiguration section */
		EF2E8E8328291158000A3A9A /* Debug */ = {
			isa = XCBuildConfiguration;
			buildSettings = {
				ALWAYS_SEARCH_USER_PATHS = NO;
				CLANG_ANALYZER_NONNULL = YES;
				CLANG_ANALYZER_NUMBER_OBJECT_CONVERSION = YES_AGGRESSIVE;
				CLANG_CXX_LANGUAGE_STANDARD = "gnu++17";
				CLANG_ENABLE_MODULES = YES;
				CLANG_ENABLE_OBJC_ARC = YES;
				CLANG_ENABLE_OBJC_WEAK = YES;
				CLANG_WARN_BLOCK_CAPTURE_AUTORELEASING = YES;
				CLANG_WARN_BOOL_CONVERSION = YES;
				CLANG_WARN_COMMA = YES;
				CLANG_WARN_CONSTANT_CONVERSION = YES;
				CLANG_WARN_DEPRECATED_OBJC_IMPLEMENTATIONS = YES;
				CLANG_WARN_DIRECT_OBJC_ISA_USAGE = YES_ERROR;
				CLANG_WARN_DOCUMENTATION_COMMENTS = YES;
				CLANG_WARN_EMPTY_BODY = YES;
				CLANG_WARN_ENUM_CONVERSION = YES;
				CLANG_WARN_INFINITE_RECURSION = YES;
				CLANG_WARN_INT_CONVERSION = YES;
				CLANG_WARN_NON_LITERAL_NULL_CONVERSION = YES;
				CLANG_WARN_OBJC_IMPLICIT_RETAIN_SELF = YES;
				CLANG_WARN_OBJC_LITERAL_CONVERSION = YES;
				CLANG_WARN_OBJC_ROOT_CLASS = YES_ERROR;
				CLANG_WARN_QUOTED_INCLUDE_IN_FRAMEWORK_HEADER = YES;
				CLANG_WARN_RANGE_LOOP_ANALYSIS = YES;
				CLANG_WARN_STRICT_PROTOTYPES = YES;
				CLANG_WARN_SUSPICIOUS_MOVE = YES;
				CLANG_WARN_UNGUARDED_AVAILABILITY = YES_AGGRESSIVE;
				CLANG_WARN_UNREACHABLE_CODE = YES;
				CLANG_WARN__DUPLICATE_METHOD_MATCH = YES;
				COPY_PHASE_STRIP = NO;
				DEBUG_INFORMATION_FORMAT = dwarf;
				ENABLE_STRICT_OBJC_MSGSEND = YES;
				ENABLE_TESTABILITY = YES;
				GCC_C_LANGUAGE_STANDARD = gnu11;
				GCC_DYNAMIC_NO_PIC = NO;
				GCC_NO_COMMON_BLOCKS = YES;
				GCC_OPTIMIZATION_LEVEL = 0;
				GCC_PREPROCESSOR_DEFINITIONS = (
					"DEBUG=1",
					"$(inherited)",
				);
				GCC_WARN_64_TO_32_BIT_CONVERSION = YES;
				GCC_WARN_ABOUT_RETURN_TYPE = YES_ERROR;
				GCC_WARN_UNDECLARED_SELECTOR = YES;
				GCC_WARN_UNINITIALIZED_AUTOS = YES_AGGRESSIVE;
				GCC_WARN_UNUSED_FUNCTION = YES;
				GCC_WARN_UNUSED_VARIABLE = YES;
				IPHONEOS_DEPLOYMENT_TARGET = 15.4;
				MTL_ENABLE_DEBUG_INFO = INCLUDE_SOURCE;
				MTL_FAST_MATH = YES;
				ONLY_ACTIVE_ARCH = YES;
				SDKROOT = iphoneos;
				SWIFT_ACTIVE_COMPILATION_CONDITIONS = DEBUG;
				SWIFT_OPTIMIZATION_LEVEL = "-Onone";
			};
			name = Debug;
		};
		EF2E8E8428291158000A3A9A /* Release */ = {
			isa = XCBuildConfiguration;
			buildSettings = {
				ALWAYS_SEARCH_USER_PATHS = NO;
				CLANG_ANALYZER_NONNULL = YES;
				CLANG_ANALYZER_NUMBER_OBJECT_CONVERSION = YES_AGGRESSIVE;
				CLANG_CXX_LANGUAGE_STANDARD = "gnu++17";
				CLANG_ENABLE_MODULES = YES;
				CLANG_ENABLE_OBJC_ARC = YES;
				CLANG_ENABLE_OBJC_WEAK = YES;
				CLANG_WARN_BLOCK_CAPTURE_AUTORELEASING = YES;
				CLANG_WARN_BOOL_CONVERSION = YES;
				CLANG_WARN_COMMA = YES;
				CLANG_WARN_CONSTANT_CONVERSION = YES;
				CLANG_WARN_DEPRECATED_OBJC_IMPLEMENTATIONS = YES;
				CLANG_WARN_DIRECT_OBJC_ISA_USAGE = YES_ERROR;
				CLANG_WARN_DOCUMENTATION_COMMENTS = YES;
				CLANG_WARN_EMPTY_BODY = YES;
				CLANG_WARN_ENUM_CONVERSION = YES;
				CLANG_WARN_INFINITE_RECURSION = YES;
				CLANG_WARN_INT_CONVERSION = YES;
				CLANG_WARN_NON_LITERAL_NULL_CONVERSION = YES;
				CLANG_WARN_OBJC_IMPLICIT_RETAIN_SELF = YES;
				CLANG_WARN_OBJC_LITERAL_CONVERSION = YES;
				CLANG_WARN_OBJC_ROOT_CLASS = YES_ERROR;
				CLANG_WARN_QUOTED_INCLUDE_IN_FRAMEWORK_HEADER = YES;
				CLANG_WARN_RANGE_LOOP_ANALYSIS = YES;
				CLANG_WARN_STRICT_PROTOTYPES = YES;
				CLANG_WARN_SUSPICIOUS_MOVE = YES;
				CLANG_WARN_UNGUARDED_AVAILABILITY = YES_AGGRESSIVE;
				CLANG_WARN_UNREACHABLE_CODE = YES;
				CLANG_WARN__DUPLICATE_METHOD_MATCH = YES;
				COPY_PHASE_STRIP = NO;
				DEBUG_INFORMATION_FORMAT = "dwarf-with-dsym";
				ENABLE_NS_ASSERTIONS = NO;
				ENABLE_STRICT_OBJC_MSGSEND = YES;
				GCC_C_LANGUAGE_STANDARD = gnu11;
				GCC_NO_COMMON_BLOCKS = YES;
				GCC_WARN_64_TO_32_BIT_CONVERSION = YES;
				GCC_WARN_ABOUT_RETURN_TYPE = YES_ERROR;
				GCC_WARN_UNDECLARED_SELECTOR = YES;
				GCC_WARN_UNINITIALIZED_AUTOS = YES_AGGRESSIVE;
				GCC_WARN_UNUSED_FUNCTION = YES;
				GCC_WARN_UNUSED_VARIABLE = YES;
				IPHONEOS_DEPLOYMENT_TARGET = 15.4;
				MTL_ENABLE_DEBUG_INFO = NO;
				MTL_FAST_MATH = YES;
				SDKROOT = iphoneos;
				SWIFT_COMPILATION_MODE = wholemodule;
				SWIFT_OPTIMIZATION_LEVEL = "-O";
				VALIDATE_PRODUCT = YES;
			};
			name = Release;
		};
		EF2E8E8628291158000A3A9A /* Debug */ = {
			isa = XCBuildConfiguration;
			buildSettings = {
				ASSETCATALOG_COMPILER_APPICON_NAME = AppIcon;
				ASSETCATALOG_COMPILER_GLOBAL_ACCENT_COLOR_NAME = AccentColor;
				CODE_SIGN_STYLE = Automatic;
				CURRENT_PROJECT_VERSION = 1;
				DEVELOPMENT_TEAM = 8T963ZW2EJ;
				GENERATE_INFOPLIST_FILE = YES;
				INFOPLIST_FILE = Netflix/Info.plist;
				INFOPLIST_KEY_UIApplicationSupportsIndirectInputEvents = YES;
				INFOPLIST_KEY_UILaunchStoryboardName = LaunchScreen;
				INFOPLIST_KEY_UISupportedInterfaceOrientations_iPad = "UIInterfaceOrientationPortrait UIInterfaceOrientationPortraitUpsideDown UIInterfaceOrientationLandscapeLeft UIInterfaceOrientationLandscapeRight";
				INFOPLIST_KEY_UISupportedInterfaceOrientations_iPhone = "UIInterfaceOrientationPortrait UIInterfaceOrientationLandscapeLeft UIInterfaceOrientationLandscapeRight";
				LD_RUNPATH_SEARCH_PATHS = (
					"$(inherited)",
					"@executable_path/Frameworks",
				);
				MARKETING_VERSION = 1.0;
				PRODUCT_BUNDLE_IDENTIFIER = com.Krish.Netflix;
				PRODUCT_NAME = "$(TARGET_NAME)";
				SWIFT_EMIT_LOC_STRINGS = YES;
				SWIFT_VERSION = 5.0;
				TARGETED_DEVICE_FAMILY = "1,2";
			};
			name = Debug;
		};
		EF2E8E8728291158000A3A9A /* Release */ = {
			isa = XCBuildConfiguration;
			buildSettings = {
				ASSETCATALOG_COMPILER_APPICON_NAME = AppIcon;
				ASSETCATALOG_COMPILER_GLOBAL_ACCENT_COLOR_NAME = AccentColor;
				CODE_SIGN_STYLE = Automatic;
				CURRENT_PROJECT_VERSION = 1;
				DEVELOPMENT_TEAM = 8T963ZW2EJ;
				GENERATE_INFOPLIST_FILE = YES;
				INFOPLIST_FILE = Netflix/Info.plist;
				INFOPLIST_KEY_UIApplicationSupportsIndirectInputEvents = YES;
				INFOPLIST_KEY_UILaunchStoryboardName = LaunchScreen;
				INFOPLIST_KEY_UISupportedInterfaceOrientations_iPad = "UIInterfaceOrientationPortrait UIInterfaceOrientationPortraitUpsideDown UIInterfaceOrientationLandscapeLeft UIInterfaceOrientationLandscapeRight";
				INFOPLIST_KEY_UISupportedInterfaceOrientations_iPhone = "UIInterfaceOrientationPortrait UIInterfaceOrientationLandscapeLeft UIInterfaceOrientationLandscapeRight";
				LD_RUNPATH_SEARCH_PATHS = (
					"$(inherited)",
					"@executable_path/Frameworks",
				);
				MARKETING_VERSION = 1.0;
				PRODUCT_BUNDLE_IDENTIFIER = com.Krish.Netflix;
				PRODUCT_NAME = "$(TARGET_NAME)";
				SWIFT_EMIT_LOC_STRINGS = YES;
				SWIFT_VERSION = 5.0;
				TARGETED_DEVICE_FAMILY = "1,2";
			};
			name = Release;
		};
		EF2E8E8928291158000A3A9A /* Debug */ = {
			isa = XCBuildConfiguration;
			buildSettings = {
				ALWAYS_EMBED_SWIFT_STANDARD_LIBRARIES = YES;
				BUNDLE_LOADER = "$(TEST_HOST)";
				CODE_SIGN_STYLE = Automatic;
				CURRENT_PROJECT_VERSION = 1;
				GENERATE_INFOPLIST_FILE = YES;
				IPHONEOS_DEPLOYMENT_TARGET = 15.4;
				MARKETING_VERSION = 1.0;
				PRODUCT_BUNDLE_IDENTIFIER = com.Krish.NetflixTests;
				PRODUCT_NAME = "$(TARGET_NAME)";
				SWIFT_EMIT_LOC_STRINGS = NO;
				SWIFT_VERSION = 5.0;
				TARGETED_DEVICE_FAMILY = "1,2";
				TEST_HOST = "$(BUILT_PRODUCTS_DIR)/Netflix.app/Netflix";
			};
			name = Debug;
		};
		EF2E8E8A28291158000A3A9A /* Release */ = {
			isa = XCBuildConfiguration;
			buildSettings = {
				ALWAYS_EMBED_SWIFT_STANDARD_LIBRARIES = YES;
				BUNDLE_LOADER = "$(TEST_HOST)";
				CODE_SIGN_STYLE = Automatic;
				CURRENT_PROJECT_VERSION = 1;
				GENERATE_INFOPLIST_FILE = YES;
				IPHONEOS_DEPLOYMENT_TARGET = 15.4;
				MARKETING_VERSION = 1.0;
				PRODUCT_BUNDLE_IDENTIFIER = com.Krish.NetflixTests;
				PRODUCT_NAME = "$(TARGET_NAME)";
				SWIFT_EMIT_LOC_STRINGS = NO;
				SWIFT_VERSION = 5.0;
				TARGETED_DEVICE_FAMILY = "1,2";
				TEST_HOST = "$(BUILT_PRODUCTS_DIR)/Netflix.app/Netflix";
			};
			name = Release;
		};
		EF2E8E8C28291158000A3A9A /* Debug */ = {
			isa = XCBuildConfiguration;
			buildSettings = {
				ALWAYS_EMBED_SWIFT_STANDARD_LIBRARIES = YES;
				CODE_SIGN_STYLE = Automatic;
				CURRENT_PROJECT_VERSION = 1;
				GENERATE_INFOPLIST_FILE = YES;
				MARKETING_VERSION = 1.0;
				PRODUCT_BUNDLE_IDENTIFIER = com.Krish.NetflixUITests;
				PRODUCT_NAME = "$(TARGET_NAME)";
				SWIFT_EMIT_LOC_STRINGS = NO;
				SWIFT_VERSION = 5.0;
				TARGETED_DEVICE_FAMILY = "1,2";
				TEST_TARGET_NAME = Netflix;
			};
			name = Debug;
		};
		EF2E8E8D28291158000A3A9A /* Release */ = {
			isa = XCBuildConfiguration;
			buildSettings = {
				ALWAYS_EMBED_SWIFT_STANDARD_LIBRARIES = YES;
				CODE_SIGN_STYLE = Automatic;
				CURRENT_PROJECT_VERSION = 1;
				GENERATE_INFOPLIST_FILE = YES;
				MARKETING_VERSION = 1.0;
				PRODUCT_BUNDLE_IDENTIFIER = com.Krish.NetflixUITests;
				PRODUCT_NAME = "$(TARGET_NAME)";
				SWIFT_EMIT_LOC_STRINGS = NO;
				SWIFT_VERSION = 5.0;
				TARGETED_DEVICE_FAMILY = "1,2";
				TEST_TARGET_NAME = Netflix;
			};
			name = Release;
		};
/* End XCBuildConfiguration section */

/* Begin XCConfigurationList section */
		EF2E8E5628291157000A3A9A /* Build configuration list for PBXProject "Netflix" */ = {
			isa = XCConfigurationList;
			buildConfigurations = (
				EF2E8E8328291158000A3A9A /* Debug */,
				EF2E8E8428291158000A3A9A /* Release */,
			);
			defaultConfigurationIsVisible = 0;
			defaultConfigurationName = Release;
		};
		EF2E8E8528291158000A3A9A /* Build configuration list for PBXNativeTarget "Netflix" */ = {
			isa = XCConfigurationList;
			buildConfigurations = (
				EF2E8E8628291158000A3A9A /* Debug */,
				EF2E8E8728291158000A3A9A /* Release */,
			);
			defaultConfigurationIsVisible = 0;
			defaultConfigurationName = Release;
		};
		EF2E8E8828291158000A3A9A /* Build configuration list for PBXNativeTarget "NetflixTests" */ = {
			isa = XCConfigurationList;
			buildConfigurations = (
				EF2E8E8928291158000A3A9A /* Debug */,
				EF2E8E8A28291158000A3A9A /* Release */,
			);
			defaultConfigurationIsVisible = 0;
			defaultConfigurationName = Release;
		};
		EF2E8E8B28291158000A3A9A /* Build configuration list for PBXNativeTarget "NetflixUITests" */ = {
			isa = XCConfigurationList;
			buildConfigurations = (
				EF2E8E8C28291158000A3A9A /* Debug */,
				EF2E8E8D28291158000A3A9A /* Release */,
			);
			defaultConfigurationIsVisible = 0;
			defaultConfigurationName = Release;
		};
/* End XCConfigurationList section */
	};
	rootObject = EF2E8E5328291157000A3A9A /* Project object */;
}
